// !$*UTF8*$!
{
	archiveVersion = 1;
	classes = {
	};
	objectVersion = 46;
	objects = {

/* Begin PBXBuildFile section */
		6EEB4470191341AA0066EE6B /* Foundation.framework in Frameworks */ = {isa = PBXBuildFile; fileRef = 6EEB446F191341AA0066EE6B /* Foundation.framework */; };
		6EEB4472191341AA0066EE6B /* CoreGraphics.framework in Frameworks */ = {isa = PBXBuildFile; fileRef = 6EEB4471191341AA0066EE6B /* CoreGraphics.framework */; };
		6EEB4474191341AA0066EE6B /* UIKit.framework in Frameworks */ = {isa = PBXBuildFile; fileRef = 6EEB4473191341AA0066EE6B /* UIKit.framework */; };
		6EEB447A191341AA0066EE6B /* InfoPlist.strings in Resources */ = {isa = PBXBuildFile; fileRef = 6EEB4478191341AA0066EE6B /* InfoPlist.strings */; };
		6EEB447C191341AA0066EE6B /* main.m in Sources */ = {isa = PBXBuildFile; fileRef = 6EEB447B191341AA0066EE6B /* main.m */; };
		6EEB4480191341AA0066EE6B /* KZAppDelegate.m in Sources */ = {isa = PBXBuildFile; fileRef = 6EEB447F191341AA0066EE6B /* KZAppDelegate.m */; };
		6EEB4483191341AA0066EE6B /* Main.storyboard in Resources */ = {isa = PBXBuildFile; fileRef = 6EEB4481191341AA0066EE6B /* Main.storyboard */; };
		6EEB4486191341AA0066EE6B /* KZViewController.m in Sources */ = {isa = PBXBuildFile; fileRef = 6EEB4485191341AA0066EE6B /* KZViewController.m */; };
		6EEB4488191341AA0066EE6B /* Images.xcassets in Resources */ = {isa = PBXBuildFile; fileRef = 6EEB4487191341AA0066EE6B /* Images.xcassets */; };
		6EEB448F191341AA0066EE6B /* XCTest.framework in Frameworks */ = {isa = PBXBuildFile; fileRef = 6EEB448E191341AA0066EE6B /* XCTest.framework */; };
		6EEB4490191341AA0066EE6B /* Foundation.framework in Frameworks */ = {isa = PBXBuildFile; fileRef = 6EEB446F191341AA0066EE6B /* Foundation.framework */; };
		6EEB4491191341AA0066EE6B /* UIKit.framework in Frameworks */ = {isa = PBXBuildFile; fileRef = 6EEB4473191341AA0066EE6B /* UIKit.framework */; };
		6EEB4499191341AA0066EE6B /* InfoPlist.strings in Resources */ = {isa = PBXBuildFile; fileRef = 6EEB4497191341AA0066EE6B /* InfoPlist.strings */; };
		6EEB449B191341AA0066EE6B /* CoreAnimateTestsTests.m in Sources */ = {isa = PBXBuildFile; fileRef = 6EEB449A191341AA0066EE6B /* CoreAnimateTestsTests.m */; };
		6EEB44A71913425C0066EE6B /* SpaceShip_1.png in Resources */ = {isa = PBXBuildFile; fileRef = 6EEB44A41913425C0066EE6B /* SpaceShip_1.png */; };
		6EEB44A81913425C0066EE6B /* SpaceShip_2.png in Resources */ = {isa = PBXBuildFile; fileRef = 6EEB44A51913425C0066EE6B /* SpaceShip_2.png */; };
		6EEB44A91913425C0066EE6B /* SpaceShip_3.png in Resources */ = {isa = PBXBuildFile; fileRef = 6EEB44A61913425C0066EE6B /* SpaceShip_3.png */; };
		6EEB44AC1913429E0066EE6B /* QuartzCore.framework in Frameworks */ = {isa = PBXBuildFile; fileRef = 6EEB44AB1913429E0066EE6B /* QuartzCore.framework */; };
		6EEB44AE191343D40066EE6B /* Background.png in Resources */ = {isa = PBXBuildFile; fileRef = 6EEB44AD191343D40066EE6B /* Background.png */; };
/* End PBXBuildFile section */

/* Begin PBXContainerItemProxy section */
		6EEB4492191341AA0066EE6B /* PBXContainerItemProxy */ = {
			isa = PBXContainerItemProxy;
			containerPortal = 6EEB4464191341A90066EE6B /* Project object */;
			proxyType = 1;
			remoteGlobalIDString = 6EEB446B191341AA0066EE6B;
			remoteInfo = CoreAnimateTests;
		};
/* End PBXContainerItemProxy section */

/* Begin PBXFileReference section */
		6EEB446C191341AA0066EE6B /* CoreAnimateTests.app */ = {isa = PBXFileReference; explicitFileType = wrapper.application; includeInIndex = 0; path = CoreAnimateTests.app; sourceTree = BUILT_PRODUCTS_DIR; };
		6EEB446F191341AA0066EE6B /* Foundation.framework */ = {isa = PBXFileReference; lastKnownFileType = wrapper.framework; name = Foundation.framework; path = System/Library/Frameworks/Foundation.framework; sourceTree = SDKROOT; };
		6EEB4471191341AA0066EE6B /* CoreGraphics.framework */ = {isa = PBXFileReference; lastKnownFileType = wrapper.framework; name = CoreGraphics.framework; path = System/Library/Frameworks/CoreGraphics.framework; sourceTree = SDKROOT; };
		6EEB4473191341AA0066EE6B /* UIKit.framework */ = {isa = PBXFileReference; lastKnownFileType = wrapper.framework; name = UIKit.framework; path = System/Library/Frameworks/UIKit.framework; sourceTree = SDKROOT; };
		6EEB4477191341AA0066EE6B /* CoreAnimateTests-Info.plist */ = {isa = PBXFileReference; lastKnownFileType = text.plist.xml; path = "CoreAnimateTests-Info.plist"; sourceTree = "<group>"; };
		6EEB4479191341AA0066EE6B /* en */ = {isa = PBXFileReference; lastKnownFileType = text.plist.strings; name = en; path = en.lproj/InfoPlist.strings; sourceTree = "<group>"; };
		6EEB447B191341AA0066EE6B /* main.m */ = {isa = PBXFileReference; lastKnownFileType = sourcecode.c.objc; path = main.m; sourceTree = "<group>"; };
		6EEB447D191341AA0066EE6B /* CoreAnimateTests-Prefix.pch */ = {isa = PBXFileReference; lastKnownFileType = sourcecode.c.h; path = "CoreAnimateTests-Prefix.pch"; sourceTree = "<group>"; };
		6EEB447E191341AA0066EE6B /* KZAppDelegate.h */ = {isa = PBXFileReference; lastKnownFileType = sourcecode.c.h; path = KZAppDelegate.h; sourceTree = "<group>"; };
		6EEB447F191341AA0066EE6B /* KZAppDelegate.m */ = {isa = PBXFileReference; lastKnownFileType = sourcecode.c.objc; path = KZAppDelegate.m; sourceTree = "<group>"; };
		6EEB4482191341AA0066EE6B /* Base */ = {isa = PBXFileReference; lastKnownFileType = file.storyboard; name = Base; path = Base.lproj/Main.storyboard; sourceTree = "<group>"; };
		6EEB4484191341AA0066EE6B /* KZViewController.h */ = {isa = PBXFileReference; lastKnownFileType = sourcecode.c.h; path = KZViewController.h; sourceTree = "<group>"; };
		6EEB4485191341AA0066EE6B /* KZViewController.m */ = {isa = PBXFileReference; lastKnownFileType = sourcecode.c.objc; path = KZViewController.m; sourceTree = "<group>"; };
		6EEB4487191341AA0066EE6B /* Images.xcassets */ = {isa = PBXFileReference; lastKnownFileType = folder.assetcatalog; path = Images.xcassets; sourceTree = "<group>"; };
		6EEB448D191341AA0066EE6B /* CoreAnimateTestsTests.xctest */ = {isa = PBXFileReference; explicitFileType = wrapper.cfbundle; includeInIndex = 0; path = CoreAnimateTestsTests.xctest; sourceTree = BUILT_PRODUCTS_DIR; };
		6EEB448E191341AA0066EE6B /* XCTest.framework */ = {isa = PBXFileReference; lastKnownFileType = wrapper.framework; name = XCTest.framework; path = Library/Frameworks/XCTest.framework; sourceTree = DEVELOPER_DIR; };
		6EEB4496191341AA0066EE6B /* CoreAnimateTestsTests-Info.plist */ = {isa = PBXFileReference; lastKnownFileType = text.plist.xml; path = "CoreAnimateTestsTests-Info.plist"; sourceTree = "<group>"; };
		6EEB4498191341AA0066EE6B /* en */ = {isa = PBXFileReference; lastKnownFileType = text.plist.strings; name = en; path = en.lproj/InfoPlist.strings; sourceTree = "<group>"; };
		6EEB449A191341AA0066EE6B /* CoreAnimateTestsTests.m */ = {isa = PBXFileReference; lastKnownFileType = sourcecode.c.objc; path = CoreAnimateTestsTests.m; sourceTree = "<group>"; };
		6EEB44A41913425C0066EE6B /* SpaceShip_1.png */ = {isa = PBXFileReference; lastKnownFileType = image.png; path = SpaceShip_1.png; sourceTree = "<group>"; };
		6EEB44A51913425C0066EE6B /* SpaceShip_2.png */ = {isa = PBXFileReference; lastKnownFileType = image.png; path = SpaceShip_2.png; sourceTree = "<group>"; };
		6EEB44A61913425C0066EE6B /* SpaceShip_3.png */ = {isa = PBXFileReference; lastKnownFileType = image.png; path = SpaceShip_3.png; sourceTree = "<group>"; };
		6EEB44AB1913429E0066EE6B /* QuartzCore.framework */ = {isa = PBXFileReference; lastKnownFileType = wrapper.framework; name = QuartzCore.framework; path = System/Library/Frameworks/QuartzCore.framework; sourceTree = SDKROOT; };
		6EEB44AD191343D40066EE6B /* Background.png */ = {isa = PBXFileReference; lastKnownFileType = image.png; path = Background.png; sourceTree = "<group>"; };
/* End PBXFileReference section */

/* Begin PBXFrameworksBuildPhase section */
		6EEB4469191341AA0066EE6B /* Frameworks */ = {
			isa = PBXFrameworksBuildPhase;
			buildActionMask = 2147483647;
			files = (
				6EEB44AC1913429E0066EE6B /* QuartzCore.framework in Frameworks */,
				6EEB4472191341AA0066EE6B /* CoreGraphics.framework in Frameworks */,
				6EEB4474191341AA0066EE6B /* UIKit.framework in Frameworks */,
				6EEB4470191341AA0066EE6B /* Foundation.framework in Frameworks */,
			);
			runOnlyForDeploymentPostprocessing = 0;
		};
		6EEB448A191341AA0066EE6B /* Frameworks */ = {
			isa = PBXFrameworksBuildPhase;
			buildActionMask = 2147483647;
			files = (
				6EEB448F191341AA0066EE6B /* XCTest.framework in Frameworks */,
				6EEB4491191341AA0066EE6B /* UIKit.framework in Frameworks */,
				6EEB4490191341AA0066EE6B /* Foundation.framework in Frameworks */,
			);
			runOnlyForDeploymentPostprocessing = 0;
		};
/* End PBXFrameworksBuildPhase section */

/* Begin PBXGroup section */
		6EEB4463191341A90066EE6B = {
			isa = PBXGroup;
			children = (
				6EEB4475191341AA0066EE6B /* CoreAnimateTests */,
				6EEB4494191341AA0066EE6B /* CoreAnimateTestsTests */,
				6EEB446E191341AA0066EE6B /* Frameworks */,
				6EEB446D191341AA0066EE6B /* Products */,
			);
			sourceTree = "<group>";
		};
		6EEB446D191341AA0066EE6B /* Products */ = {
			isa = PBXGroup;
			children = (
				6EEB446C191341AA0066EE6B /* CoreAnimateTests.app */,
				6EEB448D191341AA0066EE6B /* CoreAnimateTestsTests.xctest */,
			);
			name = Products;
			sourceTree = "<group>";
		};
		6EEB446E191341AA0066EE6B /* Frameworks */ = {
			isa = PBXGroup;
			children = (
				6EEB44AB1913429E0066EE6B /* QuartzCore.framework */,
				6EEB446F191341AA0066EE6B /* Foundation.framework */,
				6EEB4471191341AA0066EE6B /* CoreGraphics.framework */,
				6EEB4473191341AA0066EE6B /* UIKit.framework */,
				6EEB448E191341AA0066EE6B /* XCTest.framework */,
			);
			name = Frameworks;
			sourceTree = "<group>";
		};
		6EEB4475191341AA0066EE6B /* CoreAnimateTests */ = {
			isa = PBXGroup;
			children = (
				6EEB44AA191342630066EE6B /* ImageAssets */,
				6EEB447E191341AA0066EE6B /* KZAppDelegate.h */,
				6EEB447F191341AA0066EE6B /* KZAppDelegate.m */,
				6EEB4481191341AA0066EE6B /* Main.storyboard */,
				6EEB4484191341AA0066EE6B /* KZViewController.h */,
				6EEB4485191341AA0066EE6B /* KZViewController.m */,
				6EEB4487191341AA0066EE6B /* Images.xcassets */,
				6EEB4476191341AA0066EE6B /* Supporting Files */,
			);
			path = CoreAnimateTests;
			sourceTree = "<group>";
		};
		6EEB4476191341AA0066EE6B /* Supporting Files */ = {
			isa = PBXGroup;
			children = (
				6EEB4477191341AA0066EE6B /* CoreAnimateTests-Info.plist */,
				6EEB4478191341AA0066EE6B /* InfoPlist.strings */,
				6EEB447B191341AA0066EE6B /* main.m */,
				6EEB447D191341AA0066EE6B /* CoreAnimateTests-Prefix.pch */,
			);
			name = "Supporting Files";
			sourceTree = "<group>";
		};
		6EEB4494191341AA0066EE6B /* CoreAnimateTestsTests */ = {
			isa = PBXGroup;
			children = (
				6EEB449A191341AA0066EE6B /* CoreAnimateTestsTests.m */,
				6EEB4495191341AA0066EE6B /* Supporting Files */,
			);
			path = CoreAnimateTestsTests;
			sourceTree = "<group>";
		};
		6EEB4495191341AA0066EE6B /* Supporting Files */ = {
			isa = PBXGroup;
			children = (
				6EEB4496191341AA0066EE6B /* CoreAnimateTestsTests-Info.plist */,
				6EEB4497191341AA0066EE6B /* InfoPlist.strings */,
			);
			name = "Supporting Files";
			sourceTree = "<group>";
		};
		6EEB44AA191342630066EE6B /* ImageAssets */ = {
			isa = PBXGroup;
			children = (
				6EEB44AD191343D40066EE6B /* Background.png */,
				6EEB44A41913425C0066EE6B /* SpaceShip_1.png */,
				6EEB44A51913425C0066EE6B /* SpaceShip_2.png */,
				6EEB44A61913425C0066EE6B /* SpaceShip_3.png */,
			);
			name = ImageAssets;
			sourceTree = "<group>";
		};
/* End PBXGroup section */

/* Begin PBXNativeTarget section */
		6EEB446B191341AA0066EE6B /* CoreAnimateTests */ = {
			isa = PBXNativeTarget;
			buildConfigurationList = 6EEB449E191341AA0066EE6B /* Build configuration list for PBXNativeTarget "CoreAnimateTests" */;
			buildPhases = (
				6EEB4468191341AA0066EE6B /* Sources */,
				6EEB4469191341AA0066EE6B /* Frameworks */,
				6EEB446A191341AA0066EE6B /* Resources */,
			);
			buildRules = (
			);
			dependencies = (
			);
			name = CoreAnimateTests;
			productName = CoreAnimateTests;
			productReference = 6EEB446C191341AA0066EE6B /* CoreAnimateTests.app */;
			productType = "com.apple.product-type.application";
		};
		6EEB448C191341AA0066EE6B /* CoreAnimateTestsTests */ = {
			isa = PBXNativeTarget;
			buildConfigurationList = 6EEB44A1191341AA0066EE6B /* Build configuration list for PBXNativeTarget "CoreAnimateTestsTests" */;
			buildPhases = (
				6EEB4489191341AA0066EE6B /* Sources */,
				6EEB448A191341AA0066EE6B /* Frameworks */,
				6EEB448B191341AA0066EE6B /* Resources */,
			);
			buildRules = (
			);
			dependencies = (
				6EEB4493191341AA0066EE6B /* PBXTargetDependency */,
			);
			name = CoreAnimateTestsTests;
			productName = CoreAnimateTestsTests;
			productReference = 6EEB448D191341AA0066EE6B /* CoreAnimateTestsTests.xctest */;
			productType = "com.apple.product-type.bundle.unit-test";
		};
/* End PBXNativeTarget section */

/* Begin PBXProject section */
		6EEB4464191341A90066EE6B /* Project object */ = {
			isa = PBXProject;
			attributes = {
				CLASSPREFIX = KZ;
				LastUpgradeCheck = 0510;
				ORGANIZATIONNAME = com.personal;
				TargetAttributes = {
					6EEB448C191341AA0066EE6B = {
						TestTargetID = 6EEB446B191341AA0066EE6B;
					};
				};
			};
			buildConfigurationList = 6EEB4467191341A90066EE6B /* Build configuration list for PBXProject "CoreAnimateTests" */;
			compatibilityVersion = "Xcode 3.2";
			developmentRegion = English;
			hasScannedForEncodings = 0;
			knownRegions = (
				en,
				Base,
			);
			mainGroup = 6EEB4463191341A90066EE6B;
			productRefGroup = 6EEB446D191341AA0066EE6B /* Products */;
			projectDirPath = "";
			projectRoot = "";
			targets = (
				6EEB446B191341AA0066EE6B /* CoreAnimateTests */,
				6EEB448C191341AA0066EE6B /* CoreAnimateTestsTests */,
			);
		};
/* End PBXProject section */

/* Begin PBXResourcesBuildPhase section */
		6EEB446A191341AA0066EE6B /* Resources */ = {
			isa = PBXResourcesBuildPhase;
			buildActionMask = 2147483647;
			files = (
				6EEB44A91913425C0066EE6B /* SpaceShip_3.png in Resources */,
				6EEB4488191341AA0066EE6B /* Images.xcassets in Resources */,
				6EEB447A191341AA0066EE6B /* InfoPlist.strings in Resources */,
				6EEB44AE191343D40066EE6B /* Background.png in Resources */,
				6EEB44A81913425C0066EE6B /* SpaceShip_2.png in Resources */,
				6EEB44A71913425C0066EE6B /* SpaceShip_1.png in Resources */,
				6EEB4483191341AA0066EE6B /* Main.storyboard in Resources */,
			);
			runOnlyForDeploymentPostprocessing = 0;
		};
		6EEB448B191341AA0066EE6B /* Resources */ = {
			isa = PBXResourcesBuildPhase;
			buildActionMask = 2147483647;
			files = (
				6EEB4499191341AA0066EE6B /* InfoPlist.strings in Resources */,
			);
			runOnlyForDeploymentPostprocessing = 0;
		};
/* End PBXResourcesBuildPhase section */

/* Begin PBXSourcesBuildPhase section */
		6EEB4468191341AA0066EE6B /* Sources */ = {
			isa = PBXSourcesBuildPhase;
			buildActionMask = 2147483647;
			files = (
				6EEB447C191341AA0066EE6B /* main.m in Sources */,
				6EEB4480191341AA0066EE6B /* KZAppDelegate.m in Sources */,
				6EEB4486191341AA0066EE6B /* KZViewController.m in Sources */,
			);
			runOnlyForDeploymentPostprocessing = 0;
		};
		6EEB4489191341AA0066EE6B /* Sources */ = {
			isa = PBXSourcesBuildPhase;
			buildActionMask = 2147483647;
			files = (
				6EEB449B191341AA0066EE6B /* CoreAnimateTestsTests.m in Sources */,
			);
			runOnlyForDeploymentPostprocessing = 0;
		};
/* End PBXSourcesBuildPhase section */

/* Begin PBXTargetDependency section */
		6EEB4493191341AA0066EE6B /* PBXTargetDependency */ = {
			isa = PBXTargetDependency;
			target = 6EEB446B191341AA0066EE6B /* CoreAnimateTests */;
			targetProxy = 6EEB4492191341AA0066EE6B /* PBXContainerItemProxy */;
		};
/* End PBXTargetDependency section */

/* Begin PBXVariantGroup section */
		6EEB4478191341AA0066EE6B /* InfoPlist.strings */ = {
			isa = PBXVariantGroup;
			children = (
				6EEB4479191341AA0066EE6B /* en */,
			);
			name = InfoPlist.strings;
			sourceTree = "<group>";
		};
		6EEB4481191341AA0066EE6B /* Main.storyboard */ = {
			isa = PBXVariantGroup;
			children = (
				6EEB4482191341AA0066EE6B /* Base */,
			);
			name = Main.storyboard;
			sourceTree = "<group>";
		};
		6EEB4497191341AA0066EE6B /* InfoPlist.strings */ = {
			isa = PBXVariantGroup;
			children = (
				6EEB4498191341AA0066EE6B /* en */,
			);
			name = InfoPlist.strings;
			sourceTree = "<group>";
		};
/* End PBXVariantGroup section */

/* Begin XCBuildConfiguration section */
		6EEB449C191341AA0066EE6B /* Debug */ = {
			isa = XCBuildConfiguration;
			buildSettings = {
				ALWAYS_SEARCH_USER_PATHS = NO;
				CLANG_CXX_LANGUAGE_STANDARD = "gnu++0x";
				CLANG_CXX_LIBRARY = "libc++";
				CLANG_ENABLE_MODULES = YES;
				CLANG_ENABLE_OBJC_ARC = YES;
				CLANG_WARN_BOOL_CONVERSION = YES;
				CLANG_WARN_CONSTANT_CONVERSION = YES;
				CLANG_WARN_DIRECT_OBJC_ISA_USAGE = YES_ERROR;
				CLANG_WARN_EMPTY_BODY = YES;
				CLANG_WARN_ENUM_CONVERSION = YES;
				CLANG_WARN_INT_CONVERSION = YES;
				CLANG_WARN_OBJC_ROOT_CLASS = YES_ERROR;
				CLANG_WARN__DUPLICATE_METHOD_MATCH = YES;
				"CODE_SIGN_IDENTITY[sdk=iphoneos*]" = "iPhone Developer";
				COPY_PHASE_STRIP = NO;
				GCC_C_LANGUAGE_STANDARD = gnu99;
				GCC_DYNAMIC_NO_PIC = NO;
				GCC_OPTIMIZATION_LEVEL = 0;
				GCC_PREPROCESSOR_DEFINITIONS = (
					"DEBUG=1",
					"$(inherited)",
				);
				GCC_SYMBOLS_PRIVATE_EXTERN = NO;
				GCC_WARN_64_TO_32_BIT_CONVERSION = YES;
				GCC_WARN_ABOUT_RETURN_TYPE = YES_ERROR;
				GCC_WARN_UNDECLARED_SELECTOR = YES;
				GCC_WARN_UNINITIALIZED_AUTOS = YES_AGGRESSIVE;
				GCC_WARN_UNUSED_FUNCTION = YES;
				GCC_WARN_UNUSED_VARIABLE = YES;
				IPHONEOS_DEPLOYMENT_TARGET = 7.1;
				ONLY_ACTIVE_ARCH = YES;
				SDKROOT = iphoneos;
			};
			name = Debug;
		};
		6EEB449D191341AA0066EE6B /* Release */ = {
			isa = XCBuildConfiguration;
			buildSettings = {
				ALWAYS_SEARCH_USER_PATHS = NO;
				CLANG_CXX_LANGUAGE_STANDARD = "gnu++0x";
				CLANG_CXX_LIBRARY = "libc++";
				CLANG_ENABLE_MODULES = YES;
				CLANG_ENABLE_OBJC_ARC = YES;
				CLANG_WARN_BOOL_CONVERSION = YES;
				CLANG_WARN_CONSTANT_CONVERSION = YES;
				CLANG_WARN_DIRECT_OBJC_ISA_USAGE = YES_ERROR;
				CLANG_WARN_EMPTY_BODY = YES;
				CLANG_WARN_ENUM_CONVERSION = YES;
				CLANG_WARN_INT_CONVERSION = YES;
				CLANG_WARN_OBJC_ROOT_CLASS = YES_ERROR;
				CLANG_WARN__DUPLICATE_METHOD_MATCH = YES;
				"CODE_SIGN_IDENTITY[sdk=iphoneos*]" = "iPhone Developer";
				COPY_PHASE_STRIP = YES;
				ENABLE_NS_ASSERTIONS = NO;
				GCC_C_LANGUAGE_STANDARD = gnu99;
				GCC_WARN_64_TO_32_BIT_CONVERSION = YES;
				GCC_WARN_ABOUT_RETURN_TYPE = YES_ERROR;
				GCC_WARN_UNDECLARED_SELECTOR = YES;
				GCC_WARN_UNINITIALIZED_AUTOS = YES_AGGRESSIVE;
				GCC_WARN_UNUSED_FUNCTION = YES;
				GCC_WARN_UNUSED_VARIABLE = YES;
				IPHONEOS_DEPLOYMENT_TARGET = 7.1;
				SDKROOT = iphoneos;
				VALIDATE_PRODUCT = YES;
			};
			name = Release;
		};
		6EEB449F191341AA0066EE6B /* Debug */ = {
			isa = XCBuildConfiguration;
			buildSettings = {
				ASSETCATALOG_COMPILER_APPICON_NAME = AppIcon;
				ASSETCATALOG_COMPILER_LAUNCHIMAGE_NAME = LaunchImage;
				GCC_PRECOMPILE_PREFIX_HEADER = YES;
				GCC_PREFIX_HEADER = "CoreAnimateTests/CoreAnimateTests-Prefix.pch";
				INFOPLIST_FILE = "CoreAnimateTests/CoreAnimateTests-Info.plist";
				PRODUCT_NAME = "$(TARGET_NAME)";
				WRAPPER_EXTENSION = app;
			};
			name = Debug;
		};
		6EEB44A0191341AA0066EE6B /* Release */ = {
			isa = XCBuildConfiguration;
			buildSettings = {
				ASSETCATALOG_COMPILER_APPICON_NAME = AppIcon;
				ASSETCATALOG_COMPILER_LAUNCHIMAGE_NAME = LaunchImage;
				GCC_PRECOMPILE_PREFIX_HEADER = YES;
				GCC_PREFIX_HEADER = "CoreAnimateTests/CoreAnimateTests-Prefix.pch";
				INFOPLIST_FILE = "CoreAnimateTests/CoreAnimateTests-Info.plist";
				PRODUCT_NAME = "$(TARGET_NAME)";
				WRAPPER_EXTENSION = app;
			};
			name = Release;
		};
		6EEB44A2191341AA0066EE6B /* Debug */ = {
			isa = XCBuildConfiguration;
			buildSettings = {
				BUNDLE_LOADER = "$(BUILT_PRODUCTS_DIR)/CoreAnimateTests.app/CoreAnimateTests";
				FRAMEWORK_SEARCH_PATHS = (
					"$(SDKROOT)/Developer/Library/Frameworks",
					"$(inherited)",
					"$(DEVELOPER_FRAMEWORKS_DIR)",
				);
				GCC_PRECOMPILE_PREFIX_HEADER = YES;
				GCC_PREFIX_HEADER = "CoreAnimateTests/CoreAnimateTests-Prefix.pch";
				GCC_PREPROCESSOR_DEFINITIONS = (
					"DEBUG=1",
					"$(inherited)",
				);
				INFOPLIST_FILE = "CoreAnimateTestsTests/CoreAnimateTestsTests-Info.plist";
				PRODUCT_NAME = "$(TARGET_NAME)";
				TEST_HOST = "$(BUNDLE_LOADER)";
				WRAPPER_EXTENSION = xctest;
			};
			name = Debug;
		};
		6EEB44A3191341AA0066EE6B /* Release */ = {
			isa = XCBuildConfiguration;
			buildSettings = {
				BUNDLE_LOADER = "$(BUILT_PRODUCTS_DIR)/CoreAnimateTests.app/CoreAnimateTests";
				FRAMEWORK_SEARCH_PATHS = (
					"$(SDKROOT)/Developer/Library/Frameworks",
					"$(inherited)",
					"$(DEVELOPER_FRAMEWORKS_DIR)",
				);
				GCC_PRECOMPILE_PREFIX_HEADER = YES;
				GCC_PREFIX_HEADER = "CoreAnimateTests/CoreAnimateTests-Prefix.pch";
				INFOPLIST_FILE = "CoreAnimateTestsTests/CoreAnimateTestsTests-Info.plist";
				PRODUCT_NAME = "$(TARGET_NAME)";
				TEST_HOST = "$(BUNDLE_LOADER)";
				WRAPPER_EXTENSION = xctest;
			};
			name = Release;
		};
/* End XCBuildConfiguration section */

/* Begin XCConfigurationList section */
		6EEB4467191341A90066EE6B /* Build configuration list for PBXProject "CoreAnimateTests" */ = {
			isa = XCConfigurationList;
			buildConfigurations = (
				6EEB449C191341AA0066EE6B /* Debug */,
				6EEB449D191341AA0066EE6B /* Release */,
			);
			defaultConfigurationIsVisible = 0;
			defaultConfigurationName = Release;
		};
		6EEB449E191341AA0066EE6B /* Build configuration list for PBXNativeTarget "CoreAnimateTests" */ = {
			isa = XCConfigurationList;
			buildConfigurations = (
				6EEB449F191341AA0066EE6B /* Debug */,
				6EEB44A0191341AA0066EE6B /* Release */,
			);
			defaultConfigurationIsVisible = 0;
		};
		6EEB44A1191341AA0066EE6B /* Build configuration list for PBXNativeTarget "CoreAnimateTestsTests" */ = {
			isa = XCConfigurationList;
			buildConfigurations = (
				6EEB44A2191341AA0066EE6B /* Debug */,
				6EEB44A3191341AA0066EE6B /* Release */,
			);
			defaultConfigurationIsVisible = 0;
		};
/* End XCConfigurationList section */
	};
	rootObject = 6EEB4464191341A90066EE6B /* Project object */;
}
